// !$*UTF8*$!
{
	archiveVersion = 1;
	classes = {
	};
	objectVersion = 46;
	objects = {

/* Begin PBXBuildFile section */
		15A3DA6A1682F886002FB0C5 /* libcocos2dx.a in Frameworks */ = {isa = PBXBuildFile; fileRef = 15A3D8861682F7B3002FB0C5 /* libcocos2dx.a */; };
		15A3DAEB1682F8A6002FB0C5 /* CDAudioManager.m in Sources */ = {isa = PBXBuildFile; fileRef = 15A3DA861682F8A6002FB0C5 /* CDAudioManager.m */; };
		15A3DAEC1682F8A6002FB0C5 /* CDOpenALSupport.m in Sources */ = {isa = PBXBuildFile; fileRef = 15A3DA891682F8A6002FB0C5 /* CDOpenALSupport.m */; };
		15A3DAED1682F8A6002FB0C5 /* CocosDenshion.m in Sources */ = {isa = PBXBuildFile; fileRef = 15A3DA8B1682F8A6002FB0C5 /* CocosDenshion.m */; };
		15A3DAEE1682F8A6002FB0C5 /* SimpleAudioEngine.mm in Sources */ = {isa = PBXBuildFile; fileRef = 15A3DA8C1682F8A6002FB0C5 /* SimpleAudioEngine.mm */; };
		15A3DAEF1682F8A6002FB0C5 /* SimpleAudioEngine_objc.m in Sources */ = {isa = PBXBuildFile; fileRef = 15A3DA8E1682F8A6002FB0C5 /* SimpleAudioEngine_objc.m */; };
		1AC3624916D4A1E8000847F2 /* AppController.mm in Sources */ = {isa = PBXBuildFile; fileRef = 1AC3624316D4A1E8000847F2 /* AppController.mm */; };
		1AC3624B16D4A1E8000847F2 /* main.m in Sources */ = {isa = PBXBuildFile; fileRef = 1AC3624516D4A1E8000847F2 /* main.m */; };
		1AFAF8B716D35DE700DB1158 /* AppDelegate.cpp in Sources */ = {isa = PBXBuildFile; fileRef = 1AFAF8B316D35DE700DB1158 /* AppDelegate.cpp */; };
		1AFAF8B816D35DE700DB1158 /* HelloWorldScene.cpp in Sources */ = {isa = PBXBuildFile; fileRef = 1AFAF8B516D35DE700DB1158 /* HelloWorldScene.cpp */; };
		1AFAF8BC16D35E4900DB1158 /* CloseNormal.png in Resources */ = {isa = PBXBuildFile; fileRef = 1AFAF8B916D35E4900DB1158 /* CloseNormal.png */; };
		1AFAF8BD16D35E4900DB1158 /* CloseSelected.png in Resources */ = {isa = PBXBuildFile; fileRef = 1AFAF8BA16D35E4900DB1158 /* CloseSelected.png */; };
		1AFAF8BE16D35E4900DB1158 /* HelloWorld.png in Resources */ = {isa = PBXBuildFile; fileRef = 1AFAF8BB16D35E4900DB1158 /* HelloWorld.png */; };
		1AFCDA8216D4A25900906EA6 /* RootViewController.mm in Sources */ = {isa = PBXBuildFile; fileRef = 1AFCDA8116D4A25900906EA6 /* RootViewController.mm */; };
		1D60589F0D05DD5A006BFB54 /* Foundation.framework in Frameworks */ = {isa = PBXBuildFile; fileRef = 1D30AB110D05D00D00671497 /* Foundation.framework */; };
		1DF5F4E00D08C38300B7A737 /* UIKit.framework in Frameworks */ = {isa = PBXBuildFile; fileRef = 1DF5F4DF0D08C38300B7A737 /* UIKit.framework */; };
		288765A50DF7441C002DB57D /* CoreGraphics.framework in Frameworks */ = {isa = PBXBuildFile; fileRef = 288765A40DF7441C002DB57D /* CoreGraphics.framework */; };
		5EC27BC118D5761F00617DB1 /* share.png in Resources */ = {isa = PBXBuildFile; fileRef = 5EC27BBF18D5761F00617DB1 /* share.png */; };
		7855E0E1153FEF240059DD9A /* Default.png in Resources */ = {isa = PBXBuildFile; fileRef = 7855E0DF153FEF240059DD9A /* Default.png */; };
		BF171245129291EC00B8313A /* OpenGLES.framework in Frameworks */ = {isa = PBXBuildFile; fileRef = BF170DB012928DE900B8313A /* OpenGLES.framework */; };
		BF1712461292920000B8313A /* libxml2.dylib in Frameworks */ = {isa = PBXBuildFile; fileRef = BF170DB212928DE900B8313A /* libxml2.dylib */; };
		BF1712471292920000B8313A /* libz.dylib in Frameworks */ = {isa = PBXBuildFile; fileRef = BF170DB412928DE900B8313A /* libz.dylib */; };
		BF1C47F01293687400B63C5D /* QuartzCore.framework in Frameworks */ = {isa = PBXBuildFile; fileRef = BF1C47EA1293683800B63C5D /* QuartzCore.framework */; };
		D41A0AD1160F154A004552AE /* Default-568h@2x.png in Resources */ = {isa = PBXBuildFile; fileRef = D41A0AD0160F154A004552AE /* Default-568h@2x.png */; };
		D446FD6E16102124000ADA7B /* Default@2x.png in Resources */ = {isa = PBXBuildFile; fileRef = D446FD6D16102124000ADA7B /* Default@2x.png */; };
		D44C620C132DFF330009C878 /* OpenAL.framework in Frameworks */ = {isa = PBXBuildFile; fileRef = D44C620B132DFF330009C878 /* OpenAL.framework */; };
		D44C620E132DFF430009C878 /* AVFoundation.framework in Frameworks */ = {isa = PBXBuildFile; fileRef = D44C620D132DFF430009C878 /* AVFoundation.framework */; };
		D44C6210132DFF4E0009C878 /* AudioToolbox.framework in Frameworks */ = {isa = PBXBuildFile; fileRef = D44C620F132DFF4E0009C878 /* AudioToolbox.framework */; };
		D4EF949A15BD2D8B00D803EB /* Icon-57.png in Resources */ = {isa = PBXBuildFile; fileRef = D4EF949915BD2D8B00D803EB /* Icon-57.png */; };
		D4EF949C15BD2D8E00D803EB /* Icon-114.png in Resources */ = {isa = PBXBuildFile; fileRef = D4EF949B15BD2D8E00D803EB /* Icon-114.png */; };
		D4EF949E15BD2D9600D803EB /* Icon-72.png in Resources */ = {isa = PBXBuildFile; fileRef = D4EF949D15BD2D9600D803EB /* Icon-72.png */; };
		D4EF94A015BD2D9800D803EB /* Icon-144.png in Resources */ = {isa = PBXBuildFile; fileRef = D4EF949F15BD2D9800D803EB /* Icon-144.png */; };
		D508D6AF19F8B673001D68D3 /* libSocialYiXin.a in Frameworks */ = {isa = PBXBuildFile; fileRef = D508D6A919F8B673001D68D3 /* libSocialYiXin.a */; };
		D508D6B019F8B673001D68D3 /* libYixinSDK_V2.2.a in Frameworks */ = {isa = PBXBuildFile; fileRef = D508D6AA19F8B673001D68D3 /* libYixinSDK_V2.2.a */; };
		D568332A18FE7BD90084AC3F /* CoreTelephony.framework in Frameworks */ = {isa = PBXBuildFile; fileRef = D568332918FE7BD90084AC3F /* CoreTelephony.framework */; };
		D568332C18FE7BF60084AC3F /* libsqlite3.dylib in Frameworks */ = {isa = PBXBuildFile; fileRef = D568332B18FE7BF60084AC3F /* libsqlite3.dylib */; };
		D568332E18FE7C010084AC3F /* Security.framework in Frameworks */ = {isa = PBXBuildFile; fileRef = D568332D18FE7C010084AC3F /* Security.framework */; };
		D568333018FE7C3F0084AC3F /* libiconv.dylib in Frameworks */ = {isa = PBXBuildFile; fileRef = D568332F18FE7C3F0084AC3F /* libiconv.dylib */; };
		D568333218FE7C490084AC3F /* SystemConfiguration.framework in Frameworks */ = {isa = PBXBuildFile; fileRef = D568333118FE7C490084AC3F /* SystemConfiguration.framework */; };
		D568333418FE7C5B0084AC3F /* libstdc++.dylib in Frameworks */ = {isa = PBXBuildFile; fileRef = D568333318FE7C5B0084AC3F /* libstdc++.dylib */; };
		D568333918FE7E320084AC3F /* Accounts.framework in Frameworks */ = {isa = PBXBuildFile; fileRef = D568333818FE7E320084AC3F /* Accounts.framework */; };
		D568333B18FE7E370084AC3F /* Social.framework in Frameworks */ = {isa = PBXBuildFile; fileRef = D568333A18FE7E370084AC3F /* Social.framework */; };
		D5746D5719F7A51C00EB111E /* UMSocialLocalizable.strings in Resources */ = {isa = PBXBuildFile; fileRef = D5746D2119F7A51C00EB111E /* UMSocialLocalizable.strings */; };
		D5746D5819F7A51C00EB111E /* libUMSocial_Sdk_4.2.a in Frameworks */ = {isa = PBXBuildFile; fileRef = D5746D2F19F7A51C00EB111E /* libUMSocial_Sdk_4.2.a */; };
		D5746D5919F7A51C00EB111E /* libUMSocial_Sdk_Comment_4.2.a in Frameworks */ = {isa = PBXBuildFile; fileRef = D5746D3019F7A51C00EB111E /* libUMSocial_Sdk_Comment_4.2.a */; };
		D5746D5A19F7A51C00EB111E /* UMSCommentDetailController.xib in Resources */ = {isa = PBXBuildFile; fileRef = D5746D3219F7A51C00EB111E /* UMSCommentDetailController.xib */; };
		D5746D5B19F7A51C00EB111E /* UMSCommentInputController.xib in Resources */ = {isa = PBXBuildFile; fileRef = D5746D3319F7A51C00EB111E /* UMSCommentInputController.xib */; };
		D5746D5C19F7A51C00EB111E /* UMSCommentInputControlleriPad.xib in Resources */ = {isa = PBXBuildFile; fileRef = D5746D3419F7A51C00EB111E /* UMSCommentInputControlleriPad.xib */; };
		D5746D5D19F7A51C00EB111E /* UMShareEditViewController.xib in Resources */ = {isa = PBXBuildFile; fileRef = D5746D3519F7A51C00EB111E /* UMShareEditViewController.xib */; };
		D5746D5E19F7A51C00EB111E /* UMShareEditViewControlleriPad.xib in Resources */ = {isa = PBXBuildFile; fileRef = D5746D3619F7A51C00EB111E /* UMShareEditViewControlleriPad.xib */; };
		D5746D5F19F7A51C00EB111E /* UMSLoginViewController.xib in Resources */ = {isa = PBXBuildFile; fileRef = D5746D3719F7A51C00EB111E /* UMSLoginViewController.xib */; };
		D5746D6019F7A51C00EB111E /* UMSnsAccountViewController.xib in Resources */ = {isa = PBXBuildFile; fileRef = D5746D3819F7A51C00EB111E /* UMSnsAccountViewController.xib */; };
		D5746D6119F7A51C00EB111E /* UMSShareListController.xib in Resources */ = {isa = PBXBuildFile; fileRef = D5746D3919F7A51C00EB111E /* UMSShareListController.xib */; };
		D5746D6219F7A51C00EB111E /* UMSocialSDKResourcesNew.bundle in Resources */ = {isa = PBXBuildFile; fileRef = D5746D3A19F7A51C00EB111E /* UMSocialSDKResourcesNew.bundle */; };
		D5746D6319F7A51C00EB111E /* libSocialFacebook.a in Frameworks */ = {isa = PBXBuildFile; fileRef = D5746D3E19F7A51C00EB111E /* libSocialFacebook.a */; };
		D5746D6419F7A51D00EB111E /* UMSocialLaiWang.a in Frameworks */ = {isa = PBXBuildFile; fileRef = D5746D4119F7A51C00EB111E /* UMSocialLaiWang.a */; };
		D5746D6519F7A51D00EB111E /* libSocialSina.a in Frameworks */ = {isa = PBXBuildFile; fileRef = D5746D4419F7A51C00EB111E /* libSocialSina.a */; };
		D5746D6619F7A51D00EB111E /* libSocialQQ.a in Frameworks */ = {isa = PBXBuildFile; fileRef = D5746D4719F7A51C00EB111E /* libSocialQQ.a */; };
		D5746D6719F7A51D00EB111E /* TencentOpenAPI.framework in Frameworks */ = {isa = PBXBuildFile; fileRef = D5746D4819F7A51C00EB111E /* TencentOpenAPI.framework */; };
		D5746D6819F7A51D00EB111E /* TencentOpenApi_IOS_Bundle.bundle in Resources */ = {isa = PBXBuildFile; fileRef = D5746D4919F7A51C00EB111E /* TencentOpenApi_IOS_Bundle.bundle */; };
		D5746D6919F7A51D00EB111E /* libSocialTwitter.a in Frameworks */ = {isa = PBXBuildFile; fileRef = D5746D4C19F7A51C00EB111E /* libSocialTwitter.a */; };
		D5746D6A19F7A51D00EB111E /* libSocialWechat.a in Frameworks */ = {isa = PBXBuildFile; fileRef = D5746D4F19F7A51C00EB111E /* libSocialWechat.a */; };
		D5746D6B19F7A51D00EB111E /* libWeChatSDK.a in Frameworks */ = {isa = PBXBuildFile; fileRef = D5746D5019F7A51C00EB111E /* libWeChatSDK.a */; };
		D5746D7019F7A55C00EB111E /* libSocialInstagram.a in Frameworks */ = {isa = PBXBuildFile; fileRef = D5746D6E19F7A55C00EB111E /* libSocialInstagram.a */; };
		D5E82A6519822DDE00DE63A1 /* UmSocialControllerIOS.mm in Sources */ = {isa = PBXBuildFile; fileRef = D5E82A6219822DDE00DE63A1 /* UmSocialControllerIOS.mm */; };
		D5E82A6619822DDE00DE63A1 /* UMSocialUIObject.mm in Sources */ = {isa = PBXBuildFile; fileRef = D5E82A6419822DDE00DE63A1 /* UMSocialUIObject.mm */; };
		D5E82A6A19822DF500DE63A1 /* UMShareButton.cpp in Sources */ = {isa = PBXBuildFile; fileRef = D5E82A6819822DF500DE63A1 /* UMShareButton.cpp */; };
		D5E82A6F19822E1800DE63A1 /* CCUMSocialSDK.cpp in Sources */ = {isa = PBXBuildFile; fileRef = D5E82A6C19822E1800DE63A1 /* CCUMSocialSDK.cpp */; };
		D5E82A7519822EE600DE63A1 /* UMSocialCObject.m in Sources */ = {isa = PBXBuildFile; fileRef = D5E82A7219822EE600DE63A1 /* UMSocialCObject.m */; };
		D5E82A7619822EE600DE63A1 /* UMSocialCSDK.mm in Sources */ = {isa = PBXBuildFile; fileRef = D5E82A7419822EE600DE63A1 /* UMSocialCSDK.mm */; };
		D5E82A7819822FBE00DE63A1 /* dog.gif in Resources */ = {isa = PBXBuildFile; fileRef = D5E82A7719822FBE00DE63A1 /* dog.gif */; };
		D5E82A7A1982379700DE63A1 /* cat.gif in Resources */ = {isa = PBXBuildFile; fileRef = D5E82A791982379700DE63A1 /* cat.gif */; };
/* End PBXBuildFile section */

/* Begin PBXContainerItemProxy section */
		15A3D8851682F7B3002FB0C5 /* PBXContainerItemProxy */ = {
			isa = PBXContainerItemProxy;
			containerPortal = 15A3D87E1682F7B3002FB0C5 /* cocos2dx.xcodeproj */;
			proxyType = 2;
			remoteGlobalIDString = 1551A33F158F2AB200E66CFE;
			remoteInfo = cocos2dx;
		};
		15A3DA681682F881002FB0C5 /* PBXContainerItemProxy */ = {
			isa = PBXContainerItemProxy;
			containerPortal = 15A3D87E1682F7B3002FB0C5 /* cocos2dx.xcodeproj */;
			proxyType = 1;
			remoteGlobalIDString = 1551A33E158F2AB200E66CFE;
			remoteInfo = cocos2dx;
		};
/* End PBXContainerItemProxy section */

/* Begin PBXFileReference section */
		15A3D87E1682F7B3002FB0C5 /* cocos2dx.xcodeproj */ = {isa = PBXFileReference; lastKnownFileType = "wrapper.pb-project"; name = cocos2dx.xcodeproj; path = ../../../cocos2dx/proj.ios/cocos2dx.xcodeproj; sourceTree = "<group>"; };
		15A3DA821682F8A6002FB0C5 /* Export.h */ = {isa = PBXFileReference; fileEncoding = 4; lastKnownFileType = sourcecode.c.h; path = Export.h; sourceTree = "<group>"; };
		15A3DA831682F8A6002FB0C5 /* SimpleAudioEngine.h */ = {isa = PBXFileReference; fileEncoding = 4; lastKnownFileType = sourcecode.c.h; path = SimpleAudioEngine.h; sourceTree = "<group>"; };
		15A3DA851682F8A6002FB0C5 /* CDAudioManager.h */ = {isa = PBXFileReference; fileEncoding = 4; lastKnownFileType = sourcecode.c.h; path = CDAudioManager.h; sourceTree = "<group>"; };
		15A3DA861682F8A6002FB0C5 /* CDAudioManager.m */ = {isa = PBXFileReference; fileEncoding = 4; lastKnownFileType = sourcecode.c.objc; path = CDAudioManager.m; sourceTree = "<group>"; };
		15A3DA871682F8A6002FB0C5 /* CDConfig.h */ = {isa = PBXFileReference; fileEncoding = 4; lastKnownFileType = sourcecode.c.h; path = CDConfig.h; sourceTree = "<group>"; };
		15A3DA881682F8A6002FB0C5 /* CDOpenALSupport.h */ = {isa = PBXFileReference; fileEncoding = 4; lastKnownFileType = sourcecode.c.h; path = CDOpenALSupport.h; sourceTree = "<group>"; };
		15A3DA891682F8A6002FB0C5 /* CDOpenALSupport.m */ = {isa = PBXFileReference; fileEncoding = 4; lastKnownFileType = sourcecode.c.objc; path = CDOpenALSupport.m; sourceTree = "<group>"; };
		15A3DA8A1682F8A6002FB0C5 /* CocosDenshion.h */ = {isa = PBXFileReference; fileEncoding = 4; lastKnownFileType = sourcecode.c.h; path = CocosDenshion.h; sourceTree = "<group>"; };
		15A3DA8B1682F8A6002FB0C5 /* CocosDenshion.m */ = {isa = PBXFileReference; fileEncoding = 4; lastKnownFileType = sourcecode.c.objc; path = CocosDenshion.m; sourceTree = "<group>"; };
		15A3DA8C1682F8A6002FB0C5 /* SimpleAudioEngine.mm */ = {isa = PBXFileReference; fileEncoding = 4; lastKnownFileType = sourcecode.cpp.objcpp; path = SimpleAudioEngine.mm; sourceTree = "<group>"; };
		15A3DA8D1682F8A6002FB0C5 /* SimpleAudioEngine_objc.h */ = {isa = PBXFileReference; fileEncoding = 4; lastKnownFileType = sourcecode.c.h; path = SimpleAudioEngine_objc.h; sourceTree = "<group>"; };
		15A3DA8E1682F8A6002FB0C5 /* SimpleAudioEngine_objc.m */ = {isa = PBXFileReference; fileEncoding = 4; lastKnownFileType = sourcecode.c.objc; path = SimpleAudioEngine_objc.m; sourceTree = "<group>"; };
		1AB87039175E0A92005D39BF /* libwebsockets.h */ = {isa = PBXFileReference; fileEncoding = 4; lastKnownFileType = sourcecode.c.h; path = libwebsockets.h; sourceTree = "<group>"; };
		1AB8703B175E0A92005D39BF /* libwebsockets.a */ = {isa = PBXFileReference; lastKnownFileType = archive.ar; path = libwebsockets.a; sourceTree = "<group>"; };
		1AC3624216D4A1E8000847F2 /* AppController.h */ = {isa = PBXFileReference; fileEncoding = 4; lastKnownFileType = sourcecode.c.h; path = AppController.h; sourceTree = SOURCE_ROOT; };
		1AC3624316D4A1E8000847F2 /* AppController.mm */ = {isa = PBXFileReference; fileEncoding = 4; lastKnownFileType = sourcecode.cpp.objcpp; path = AppController.mm; sourceTree = SOURCE_ROOT; };
		1AC3624516D4A1E8000847F2 /* main.m */ = {isa = PBXFileReference; fileEncoding = 4; lastKnownFileType = sourcecode.c.objc; path = main.m; sourceTree = SOURCE_ROOT; };
		1AC3624616D4A1E8000847F2 /* Prefix.pch */ = {isa = PBXFileReference; fileEncoding = 4; lastKnownFileType = sourcecode.c.h; path = Prefix.pch; sourceTree = SOURCE_ROOT; };
		1ACB3243164770DE00914215 /* libcurl.a */ = {isa = PBXFileReference; lastKnownFileType = archive.ar; name = libcurl.a; path = ../../cocos2dx/platform/third_party/ios/libraries/libcurl.a; sourceTree = "<group>"; };
		1AFAF8B316D35DE700DB1158 /* AppDelegate.cpp */ = {isa = PBXFileReference; fileEncoding = 4; lastKnownFileType = sourcecode.cpp.cpp; name = AppDelegate.cpp; path = ../Classes/AppDelegate.cpp; sourceTree = "<group>"; };
		1AFAF8B416D35DE700DB1158 /* AppDelegate.h */ = {isa = PBXFileReference; fileEncoding = 4; lastKnownFileType = sourcecode.c.h; name = AppDelegate.h; path = ../Classes/AppDelegate.h; sourceTree = "<group>"; };
		1AFAF8B516D35DE700DB1158 /* HelloWorldScene.cpp */ = {isa = PBXFileReference; fileEncoding = 4; lastKnownFileType = sourcecode.cpp.cpp; name = HelloWorldScene.cpp; path = ../Classes/HelloWorldScene.cpp; sourceTree = "<group>"; };
		1AFAF8B616D35DE700DB1158 /* HelloWorldScene.h */ = {isa = PBXFileReference; fileEncoding = 4; lastKnownFileType = sourcecode.c.h; name = HelloWorldScene.h; path = ../Classes/HelloWorldScene.h; sourceTree = "<group>"; };
		1AFAF8B916D35E4900DB1158 /* CloseNormal.png */ = {isa = PBXFileReference; lastKnownFileType = image.png; path = CloseNormal.png; sourceTree = "<group>"; };
		1AFAF8BA16D35E4900DB1158 /* CloseSelected.png */ = {isa = PBXFileReference; lastKnownFileType = image.png; path = CloseSelected.png; sourceTree = "<group>"; };
		1AFAF8BB16D35E4900DB1158 /* HelloWorld.png */ = {isa = PBXFileReference; lastKnownFileType = image.png; path = HelloWorld.png; sourceTree = "<group>"; };
		1AFCDA8016D4A25900906EA6 /* RootViewController.h */ = {isa = PBXFileReference; fileEncoding = 4; lastKnownFileType = sourcecode.c.h; path = RootViewController.h; sourceTree = SOURCE_ROOT; };
		1AFCDA8116D4A25900906EA6 /* RootViewController.mm */ = {isa = PBXFileReference; fileEncoding = 4; lastKnownFileType = sourcecode.cpp.objcpp; path = RootViewController.mm; sourceTree = SOURCE_ROOT; };
		1D30AB110D05D00D00671497 /* Foundation.framework */ = {isa = PBXFileReference; lastKnownFileType = wrapper.framework; name = Foundation.framework; path = System/Library/Frameworks/Foundation.framework; sourceTree = SDKROOT; };
		1D6058910D05DD3D006BFB54 /* UmengGame.app */ = {isa = PBXFileReference; explicitFileType = wrapper.application; includeInIndex = 0; path = UmengGame.app; sourceTree = BUILT_PRODUCTS_DIR; };
		1DF5F4DF0D08C38300B7A737 /* UIKit.framework */ = {isa = PBXFileReference; lastKnownFileType = wrapper.framework; name = UIKit.framework; path = System/Library/Frameworks/UIKit.framework; sourceTree = SDKROOT; };
		288765A40DF7441C002DB57D /* CoreGraphics.framework */ = {isa = PBXFileReference; lastKnownFileType = wrapper.framework; name = CoreGraphics.framework; path = System/Library/Frameworks/CoreGraphics.framework; sourceTree = SDKROOT; };
		5EC27BBF18D5761F00617DB1 /* share.png */ = {isa = PBXFileReference; lastKnownFileType = image.png; path = share.png; sourceTree = "<group>"; };
		7855E0DF153FEF240059DD9A /* Default.png */ = {isa = PBXFileReference; lastKnownFileType = image.png; path = Default.png; sourceTree = SOURCE_ROOT; };
		BF170DB012928DE900B8313A /* OpenGLES.framework */ = {isa = PBXFileReference; lastKnownFileType = wrapper.framework; name = OpenGLES.framework; path = System/Library/Frameworks/OpenGLES.framework; sourceTree = SDKROOT; };
		BF170DB212928DE900B8313A /* libxml2.dylib */ = {isa = PBXFileReference; lastKnownFileType = "compiled.mach-o.dylib"; name = libxml2.dylib; path = usr/lib/libxml2.dylib; sourceTree = SDKROOT; };
		BF170DB412928DE900B8313A /* libz.dylib */ = {isa = PBXFileReference; lastKnownFileType = "compiled.mach-o.dylib"; name = libz.dylib; path = usr/lib/libz.dylib; sourceTree = SDKROOT; };
		BF1C47EA1293683800B63C5D /* QuartzCore.framework */ = {isa = PBXFileReference; lastKnownFileType = wrapper.framework; name = QuartzCore.framework; path = System/Library/Frameworks/QuartzCore.framework; sourceTree = SDKROOT; };
		D41A0AD0160F154A004552AE /* Default-568h@2x.png */ = {isa = PBXFileReference; lastKnownFileType = image.png; name = "Default-568h@2x.png"; path = "../proj.ios/Default-568h@2x.png"; sourceTree = "<group>"; };
		D446FD6D16102124000ADA7B /* Default@2x.png */ = {isa = PBXFileReference; lastKnownFileType = image.png; name = "Default@2x.png"; path = "../proj.ios/Default@2x.png"; sourceTree = "<group>"; };
		D44C620B132DFF330009C878 /* OpenAL.framework */ = {isa = PBXFileReference; lastKnownFileType = wrapper.framework; name = OpenAL.framework; path = System/Library/Frameworks/OpenAL.framework; sourceTree = SDKROOT; };
		D44C620D132DFF430009C878 /* AVFoundation.framework */ = {isa = PBXFileReference; lastKnownFileType = wrapper.framework; name = AVFoundation.framework; path = System/Library/Frameworks/AVFoundation.framework; sourceTree = SDKROOT; };
		D44C620F132DFF4E0009C878 /* AudioToolbox.framework */ = {isa = PBXFileReference; lastKnownFileType = wrapper.framework; name = AudioToolbox.framework; path = System/Library/Frameworks/AudioToolbox.framework; sourceTree = SDKROOT; };
		D4EF949915BD2D8B00D803EB /* Icon-57.png */ = {isa = PBXFileReference; lastKnownFileType = image.png; name = "Icon-57.png"; path = "../proj.ios/Icon-57.png"; sourceTree = "<group>"; };
		D4EF949B15BD2D8E00D803EB /* Icon-114.png */ = {isa = PBXFileReference; lastKnownFileType = image.png; name = "Icon-114.png"; path = "../proj.ios/Icon-114.png"; sourceTree = "<group>"; };
		D4EF949D15BD2D9600D803EB /* Icon-72.png */ = {isa = PBXFileReference; lastKnownFileType = image.png; name = "Icon-72.png"; path = "../proj.ios/Icon-72.png"; sourceTree = "<group>"; };
		D4EF949F15BD2D9800D803EB /* Icon-144.png */ = {isa = PBXFileReference; lastKnownFileType = image.png; name = "Icon-144.png"; path = "../proj.ios/Icon-144.png"; sourceTree = "<group>"; };
		D4F9F37B12E54555005CA6D2 /* Info.plist */ = {isa = PBXFileReference; fileEncoding = 4; lastKnownFileType = text.plist.xml; path = Info.plist; sourceTree = SOURCE_ROOT; };
		D508D6A919F8B673001D68D3 /* libSocialYiXin.a */ = {isa = PBXFileReference; lastKnownFileType = archive.ar; path = libSocialYiXin.a; sourceTree = "<group>"; };
		D508D6AA19F8B673001D68D3 /* libYixinSDK_V2.2.a */ = {isa = PBXFileReference; lastKnownFileType = archive.ar; path = libYixinSDK_V2.2.a; sourceTree = "<group>"; };
		D508D6AC19F8B673001D68D3 /* UMSocialYiXinHandler.h */ = {isa = PBXFileReference; fileEncoding = 4; lastKnownFileType = sourcecode.c.h; path = UMSocialYiXinHandler.h; sourceTree = "<group>"; };
		D508D6AD19F8B673001D68D3 /* YXApi.h */ = {isa = PBXFileReference; fileEncoding = 4; lastKnownFileType = sourcecode.c.h; path = YXApi.h; sourceTree = "<group>"; };
		D508D6AE19F8B673001D68D3 /* YXApiObject.h */ = {isa = PBXFileReference; fileEncoding = 4; lastKnownFileType = sourcecode.c.h; path = YXApiObject.h; sourceTree = "<group>"; };
		D568332918FE7BD90084AC3F /* CoreTelephony.framework */ = {isa = PBXFileReference; lastKnownFileType = wrapper.framework; name = CoreTelephony.framework; path = System/Library/Frameworks/CoreTelephony.framework; sourceTree = SDKROOT; };
		D568332B18FE7BF60084AC3F /* libsqlite3.dylib */ = {isa = PBXFileReference; lastKnownFileType = "compiled.mach-o.dylib"; name = libsqlite3.dylib; path = usr/lib/libsqlite3.dylib; sourceTree = SDKROOT; };
		D568332D18FE7C010084AC3F /* Security.framework */ = {isa = PBXFileReference; lastKnownFileType = wrapper.framework; name = Security.framework; path = System/Library/Frameworks/Security.framework; sourceTree = SDKROOT; };
		D568332F18FE7C3F0084AC3F /* libiconv.dylib */ = {isa = PBXFileReference; lastKnownFileType = "compiled.mach-o.dylib"; name = libiconv.dylib; path = usr/lib/libiconv.dylib; sourceTree = SDKROOT; };
		D568333118FE7C490084AC3F /* SystemConfiguration.framework */ = {isa = PBXFileReference; lastKnownFileType = wrapper.framework; name = SystemConfiguration.framework; path = System/Library/Frameworks/SystemConfiguration.framework; sourceTree = SDKROOT; };
		D568333318FE7C5B0084AC3F /* libstdc++.dylib */ = {isa = PBXFileReference; lastKnownFileType = "compiled.mach-o.dylib"; name = "libstdc++.dylib"; path = "usr/lib/libstdc++.dylib"; sourceTree = SDKROOT; };
		D568333818FE7E320084AC3F /* Accounts.framework */ = {isa = PBXFileReference; lastKnownFileType = wrapper.framework; name = Accounts.framework; path = System/Library/Frameworks/Accounts.framework; sourceTree = SDKROOT; };
		D568333A18FE7E370084AC3F /* Social.framework */ = {isa = PBXFileReference; lastKnownFileType = wrapper.framework; name = Social.framework; path = System/Library/Frameworks/Social.framework; sourceTree = SDKROOT; };
		D5746D2219F7A51C00EB111E /* en */ = {isa = PBXFileReference; lastKnownFileType = text.plist.strings; name = en; path = en.lproj/UMSocialLocalizable.strings; sourceTree = "<group>"; };
		D5746D2419F7A51C00EB111E /* UMSocial.h */ = {isa = PBXFileReference; fileEncoding = 4; lastKnownFileType = sourcecode.c.h; path = UMSocial.h; sourceTree = "<group>"; };
		D5746D2519F7A51C00EB111E /* UMSocialAccountManager.h */ = {isa = PBXFileReference; fileEncoding = 4; lastKnownFileType = sourcecode.c.h; path = UMSocialAccountManager.h; sourceTree = "<group>"; };
		D5746D2619F7A51C00EB111E /* UMSocialBar.h */ = {isa = PBXFileReference; fileEncoding = 4; lastKnownFileType = sourcecode.c.h; path = UMSocialBar.h; sourceTree = "<group>"; };
		D5746D2719F7A51C00EB111E /* UMSocialConfig.h */ = {isa = PBXFileReference; fileEncoding = 4; lastKnownFileType = sourcecode.c.h; path = UMSocialConfig.h; sourceTree = "<group>"; };
		D5746D2819F7A51C00EB111E /* UMSocialControllerService.h */ = {isa = PBXFileReference; fileEncoding = 4; lastKnownFileType = sourcecode.c.h; path = UMSocialControllerService.h; sourceTree = "<group>"; };
		D5746D2919F7A51C00EB111E /* UMSocialControllerServiceComment.h */ = {isa = PBXFileReference; fileEncoding = 4; lastKnownFileType = sourcecode.c.h; path = UMSocialControllerServiceComment.h; sourceTree = "<group>"; };
		D5746D2A19F7A51C00EB111E /* UMSocialData.h */ = {isa = PBXFileReference; fileEncoding = 4; lastKnownFileType = sourcecode.c.h; path = UMSocialData.h; sourceTree = "<group>"; };
		D5746D2B19F7A51C00EB111E /* UMSocialDataService.h */ = {isa = PBXFileReference; fileEncoding = 4; lastKnownFileType = sourcecode.c.h; path = UMSocialDataService.h; sourceTree = "<group>"; };
		D5746D2C19F7A51C00EB111E /* UMSocialSnsData.h */ = {isa = PBXFileReference; fileEncoding = 4; lastKnownFileType = sourcecode.c.h; path = UMSocialSnsData.h; sourceTree = "<group>"; };
		D5746D2D19F7A51C00EB111E /* UMSocialSnsPlatformManager.h */ = {isa = PBXFileReference; fileEncoding = 4; lastKnownFileType = sourcecode.c.h; path = UMSocialSnsPlatformManager.h; sourceTree = "<group>"; };
		D5746D2E19F7A51C00EB111E /* UMSocialSnsService.h */ = {isa = PBXFileReference; fileEncoding = 4; lastKnownFileType = sourcecode.c.h; path = UMSocialSnsService.h; sourceTree = "<group>"; };
		D5746D2F19F7A51C00EB111E /* libUMSocial_Sdk_4.2.a */ = {isa = PBXFileReference; lastKnownFileType = archive.ar; path = libUMSocial_Sdk_4.2.a; sourceTree = "<group>"; };
		D5746D3019F7A51C00EB111E /* libUMSocial_Sdk_Comment_4.2.a */ = {isa = PBXFileReference; lastKnownFileType = archive.ar; path = libUMSocial_Sdk_Comment_4.2.a; sourceTree = "<group>"; };
		D5746D3219F7A51C00EB111E /* UMSCommentDetailController.xib */ = {isa = PBXFileReference; fileEncoding = 4; lastKnownFileType = file.xib; path = UMSCommentDetailController.xib; sourceTree = "<group>"; };
		D5746D3319F7A51C00EB111E /* UMSCommentInputController.xib */ = {isa = PBXFileReference; fileEncoding = 4; lastKnownFileType = file.xib; path = UMSCommentInputController.xib; sourceTree = "<group>"; };
		D5746D3419F7A51C00EB111E /* UMSCommentInputControlleriPad.xib */ = {isa = PBXFileReference; fileEncoding = 4; lastKnownFileType = file.xib; path = UMSCommentInputControlleriPad.xib; sourceTree = "<group>"; };
		D5746D3519F7A51C00EB111E /* UMShareEditViewController.xib */ = {isa = PBXFileReference; fileEncoding = 4; lastKnownFileType = file.xib; path = UMShareEditViewController.xib; sourceTree = "<group>"; };
		D5746D3619F7A51C00EB111E /* UMShareEditViewControlleriPad.xib */ = {isa = PBXFileReference; fileEncoding = 4; lastKnownFileType = file.xib; path = UMShareEditViewControlleriPad.xib; sourceTree = "<group>"; };
		D5746D3719F7A51C00EB111E /* UMSLoginViewController.xib */ = {isa = PBXFileReference; fileEncoding = 4; lastKnownFileType = file.xib; path = UMSLoginViewController.xib; sourceTree = "<group>"; };
		D5746D3819F7A51C00EB111E /* UMSnsAccountViewController.xib */ = {isa = PBXFileReference; fileEncoding = 4; lastKnownFileType = file.xib; path = UMSnsAccountViewController.xib; sourceTree = "<group>"; };
		D5746D3919F7A51C00EB111E /* UMSShareListController.xib */ = {isa = PBXFileReference; fileEncoding = 4; lastKnownFileType = file.xib; path = UMSShareListController.xib; sourceTree = "<group>"; };
		D5746D3A19F7A51C00EB111E /* UMSocialSDKResourcesNew.bundle */ = {isa = PBXFileReference; lastKnownFileType = "wrapper.plug-in"; path = UMSocialSDKResourcesNew.bundle; sourceTree = "<group>"; };
		D5746D3B19F7A51C00EB111E /* zh-Hans */ = {isa = PBXFileReference; lastKnownFileType = text.plist.strings; name = "zh-Hans"; path = "zh-Hans.lproj/UMSocialLocalizable.strings"; sourceTree = "<group>"; };
		D5746D3E19F7A51C00EB111E /* libSocialFacebook.a */ = {isa = PBXFileReference; lastKnownFileType = archive.ar; path = libSocialFacebook.a; sourceTree = "<group>"; };
		D5746D3F19F7A51C00EB111E /* UMSocialFacebookHandler.h */ = {isa = PBXFileReference; fileEncoding = 4; lastKnownFileType = sourcecode.c.h; path = UMSocialFacebookHandler.h; sourceTree = "<group>"; };
		D5746D4119F7A51C00EB111E /* UMSocialLaiWang.a */ = {isa = PBXFileReference; lastKnownFileType = archive.ar; path = UMSocialLaiWang.a; sourceTree = "<group>"; };
		D5746D4219F7A51C00EB111E /* UMSocialLaiwangHandler.h */ = {isa = PBXFileReference; fileEncoding = 4; lastKnownFileType = sourcecode.c.h; path = UMSocialLaiwangHandler.h; sourceTree = "<group>"; };
		D5746D4419F7A51C00EB111E /* libSocialSina.a */ = {isa = PBXFileReference; lastKnownFileType = archive.ar; path = libSocialSina.a; sourceTree = "<group>"; };
		D5746D4519F7A51C00EB111E /* UMSocialSinaHandler.h */ = {isa = PBXFileReference; fileEncoding = 4; lastKnownFileType = sourcecode.c.h; path = UMSocialSinaHandler.h; sourceTree = "<group>"; };
		D5746D4719F7A51C00EB111E /* libSocialQQ.a */ = {isa = PBXFileReference; lastKnownFileType = archive.ar; path = libSocialQQ.a; sourceTree = "<group>"; };
		D5746D4819F7A51C00EB111E /* TencentOpenAPI.framework */ = {isa = PBXFileReference; lastKnownFileType = wrapper.framework; path = TencentOpenAPI.framework; sourceTree = "<group>"; };
		D5746D4919F7A51C00EB111E /* TencentOpenApi_IOS_Bundle.bundle */ = {isa = PBXFileReference; lastKnownFileType = "wrapper.plug-in"; path = TencentOpenApi_IOS_Bundle.bundle; sourceTree = "<group>"; };
		D5746D4A19F7A51C00EB111E /* UMSocialQQHandler.h */ = {isa = PBXFileReference; fileEncoding = 4; lastKnownFileType = sourcecode.c.h; path = UMSocialQQHandler.h; sourceTree = "<group>"; };
		D5746D4C19F7A51C00EB111E /* libSocialTwitter.a */ = {isa = PBXFileReference; lastKnownFileType = archive.ar; path = libSocialTwitter.a; sourceTree = "<group>"; };
		D5746D4D19F7A51C00EB111E /* UMSocialTwitterHandler.h */ = {isa = PBXFileReference; fileEncoding = 4; lastKnownFileType = sourcecode.c.h; path = UMSocialTwitterHandler.h; sourceTree = "<group>"; };
		D5746D4F19F7A51C00EB111E /* libSocialWechat.a */ = {isa = PBXFileReference; lastKnownFileType = archive.ar; path = libSocialWechat.a; sourceTree = "<group>"; };
		D5746D5019F7A51C00EB111E /* libWeChatSDK.a */ = {isa = PBXFileReference; lastKnownFileType = archive.ar; path = libWeChatSDK.a; sourceTree = "<group>"; };
		D5746D5119F7A51C00EB111E /* UMSocialWechatHandler.h */ = {isa = PBXFileReference; fileEncoding = 4; lastKnownFileType = sourcecode.c.h; path = UMSocialWechatHandler.h; sourceTree = "<group>"; };
		D5746D5219F7A51C00EB111E /* WXApi.h */ = {isa = PBXFileReference; fileEncoding = 4; lastKnownFileType = sourcecode.c.h; path = WXApi.h; sourceTree = "<group>"; };
		D5746D5319F7A51C00EB111E /* WXApiObject.h */ = {isa = PBXFileReference; fileEncoding = 4; lastKnownFileType = sourcecode.c.h; path = WXApiObject.h; sourceTree = "<group>"; };
		D5746D6E19F7A55C00EB111E /* libSocialInstagram.a */ = {isa = PBXFileReference; lastKnownFileType = archive.ar; path = libSocialInstagram.a; sourceTree = "<group>"; };
		D5746D6F19F7A55C00EB111E /* UMSocialInstagramHandler.h */ = {isa = PBXFileReference; fileEncoding = 4; lastKnownFileType = sourcecode.c.h; path = UMSocialInstagramHandler.h; sourceTree = "<group>"; };
		D5E82A6119822DDE00DE63A1 /* UmSocialControllerIOS.h */ = {isa = PBXFileReference; fileEncoding = 4; lastKnownFileType = sourcecode.c.h; path = UmSocialControllerIOS.h; sourceTree = "<group>"; };
		D5E82A6219822DDE00DE63A1 /* UmSocialControllerIOS.mm */ = {isa = PBXFileReference; fileEncoding = 4; lastKnownFileType = sourcecode.cpp.objcpp; path = UmSocialControllerIOS.mm; sourceTree = "<group>"; };
		D5E82A6319822DDE00DE63A1 /* UMSocialUIObject.h */ = {isa = PBXFileReference; fileEncoding = 4; lastKnownFileType = sourcecode.c.h; path = UMSocialUIObject.h; sourceTree = "<group>"; };
		D5E82A6419822DDE00DE63A1 /* UMSocialUIObject.mm */ = {isa = PBXFileReference; fileEncoding = 4; lastKnownFileType = sourcecode.cpp.objcpp; path = UMSocialUIObject.mm; sourceTree = "<group>"; };
		D5E82A6819822DF500DE63A1 /* UMShareButton.cpp */ = {isa = PBXFileReference; fileEncoding = 4; lastKnownFileType = sourcecode.cpp.cpp; path = UMShareButton.cpp; sourceTree = "<group>"; };
		D5E82A6919822DF500DE63A1 /* UMShareButton.h */ = {isa = PBXFileReference; fileEncoding = 4; lastKnownFileType = sourcecode.c.h; path = UMShareButton.h; sourceTree = "<group>"; };
		D5E82A6C19822E1800DE63A1 /* CCUMSocialSDK.cpp */ = {isa = PBXFileReference; fileEncoding = 4; lastKnownFileType = sourcecode.cpp.cpp; path = CCUMSocialSDK.cpp; sourceTree = "<group>"; };
		D5E82A6D19822E1800DE63A1 /* CCUMSocialSDK.h */ = {isa = PBXFileReference; fileEncoding = 4; lastKnownFileType = sourcecode.c.h; path = CCUMSocialSDK.h; sourceTree = "<group>"; };
		D5E82A6E19822E1800DE63A1 /* CCUMTypeDef.h */ = {isa = PBXFileReference; fileEncoding = 4; lastKnownFileType = sourcecode.c.h; path = CCUMTypeDef.h; sourceTree = "<group>"; };
		D5E82A7119822EE600DE63A1 /* UMSocialCObject.h */ = {isa = PBXFileReference; fileEncoding = 4; lastKnownFileType = sourcecode.c.h; path = UMSocialCObject.h; sourceTree = "<group>"; };
		D5E82A7219822EE600DE63A1 /* UMSocialCObject.m */ = {isa = PBXFileReference; fileEncoding = 4; lastKnownFileType = sourcecode.c.objc; path = UMSocialCObject.m; sourceTree = "<group>"; };
		D5E82A7319822EE600DE63A1 /* UMSocialCSDK.h */ = {isa = PBXFileReference; fileEncoding = 4; lastKnownFileType = sourcecode.c.h; path = UMSocialCSDK.h; sourceTree = "<group>"; };
		D5E82A7419822EE600DE63A1 /* UMSocialCSDK.mm */ = {isa = PBXFileReference; fileEncoding = 4; lastKnownFileType = sourcecode.cpp.objcpp; path = UMSocialCSDK.mm; sourceTree = "<group>"; };
		D5E82A7719822FBE00DE63A1 /* dog.gif */ = {isa = PBXFileReference; lastKnownFileType = image.gif; path = dog.gif; sourceTree = "<group>"; };
		D5E82A791982379700DE63A1 /* cat.gif */ = {isa = PBXFileReference; lastKnownFileType = image.gif; path = cat.gif; sourceTree = "<group>"; };
/* End PBXFileReference section */

/* Begin PBXFrameworksBuildPhase section */
		1D60588F0D05DD3D006BFB54 /* Frameworks */ = {
			isa = PBXFrameworksBuildPhase;
			buildActionMask = 2147483647;
			files = (
				D5746D5819F7A51C00EB111E /* libUMSocial_Sdk_4.2.a in Frameworks */,
				D568333B18FE7E370084AC3F /* Social.framework in Frameworks */,
				D568333918FE7E320084AC3F /* Accounts.framework in Frameworks */,
				BF1712471292920000B8313A /* libz.dylib in Frameworks */,
				D5746D6919F7A51D00EB111E /* libSocialTwitter.a in Frameworks */,
				D568333418FE7C5B0084AC3F /* libstdc++.dylib in Frameworks */,
				D5746D6A19F7A51D00EB111E /* libSocialWechat.a in Frameworks */,
				288765A50DF7441C002DB57D /* CoreGraphics.framework in Frameworks */,
				D568333218FE7C490084AC3F /* SystemConfiguration.framework in Frameworks */,
				D5746D6B19F7A51D00EB111E /* libWeChatSDK.a in Frameworks */,
				D5746D5919F7A51C00EB111E /* libUMSocial_Sdk_Comment_4.2.a in Frameworks */,
				D568333018FE7C3F0084AC3F /* libiconv.dylib in Frameworks */,
				D568332E18FE7C010084AC3F /* Security.framework in Frameworks */,
				D5746D6619F7A51D00EB111E /* libSocialQQ.a in Frameworks */,
				D5746D6419F7A51D00EB111E /* UMSocialLaiWang.a in Frameworks */,
				D5746D6519F7A51D00EB111E /* libSocialSina.a in Frameworks */,
				D568332C18FE7BF60084AC3F /* libsqlite3.dylib in Frameworks */,
				D568332A18FE7BD90084AC3F /* CoreTelephony.framework in Frameworks */,
				D508D6B019F8B673001D68D3 /* libYixinSDK_V2.2.a in Frameworks */,
				D5746D6319F7A51C00EB111E /* libSocialFacebook.a in Frameworks */,
				D5746D7019F7A55C00EB111E /* libSocialInstagram.a in Frameworks */,
				15A3DA6A1682F886002FB0C5 /* libcocos2dx.a in Frameworks */,
				D5746D6719F7A51D00EB111E /* TencentOpenAPI.framework in Frameworks */,
				1D60589F0D05DD5A006BFB54 /* Foundation.framework in Frameworks */,
				1DF5F4E00D08C38300B7A737 /* UIKit.framework in Frameworks */,
				BF171245129291EC00B8313A /* OpenGLES.framework in Frameworks */,
				D508D6AF19F8B673001D68D3 /* libSocialYiXin.a in Frameworks */,
				BF1712461292920000B8313A /* libxml2.dylib in Frameworks */,
				BF1C47F01293687400B63C5D /* QuartzCore.framework in Frameworks */,
				D44C620C132DFF330009C878 /* OpenAL.framework in Frameworks */,
				D44C620E132DFF430009C878 /* AVFoundation.framework in Frameworks */,
				D44C6210132DFF4E0009C878 /* AudioToolbox.framework in Frameworks */,
			);
			runOnlyForDeploymentPostprocessing = 0;
		};
/* End PBXFrameworksBuildPhase section */

/* Begin PBXGroup section */
		080E96DDFE201D6D7F000001 /* ios */ = {
			isa = PBXGroup;
			children = (
				1AC3624216D4A1E8000847F2 /* AppController.h */,
				1AC3624316D4A1E8000847F2 /* AppController.mm */,
				D4F9F37B12E54555005CA6D2 /* Info.plist */,
				1AC3624516D4A1E8000847F2 /* main.m */,
				1AC3624616D4A1E8000847F2 /* Prefix.pch */,
				1AFCDA8016D4A25900906EA6 /* RootViewController.h */,
				1AFCDA8116D4A25900906EA6 /* RootViewController.mm */,
			);
			name = ios;
			path = Classes;
			sourceTree = "<group>";
		};
		15A3D87F1682F7B3002FB0C5 /* Products */ = {
			isa = PBXGroup;
			children = (
				15A3D8861682F7B3002FB0C5 /* libcocos2dx.a */,
			);
			name = Products;
			sourceTree = "<group>";
		};
		15A3DA6B1682F8A6002FB0C5 /* CocosDenshion */ = {
			isa = PBXGroup;
			children = (
				15A3DA811682F8A6002FB0C5 /* include */,
				15A3DA841682F8A6002FB0C5 /* ios */,
			);
			name = CocosDenshion;
			path = ../../../CocosDenshion;
			sourceTree = "<group>";
		};
		15A3DA811682F8A6002FB0C5 /* include */ = {
			isa = PBXGroup;
			children = (
				15A3DA821682F8A6002FB0C5 /* Export.h */,
				15A3DA831682F8A6002FB0C5 /* SimpleAudioEngine.h */,
			);
			path = include;
			sourceTree = "<group>";
		};
		15A3DA841682F8A6002FB0C5 /* ios */ = {
			isa = PBXGroup;
			children = (
				15A3DA851682F8A6002FB0C5 /* CDAudioManager.h */,
				15A3DA861682F8A6002FB0C5 /* CDAudioManager.m */,
				15A3DA871682F8A6002FB0C5 /* CDConfig.h */,
				15A3DA881682F8A6002FB0C5 /* CDOpenALSupport.h */,
				15A3DA891682F8A6002FB0C5 /* CDOpenALSupport.m */,
				15A3DA8A1682F8A6002FB0C5 /* CocosDenshion.h */,
				15A3DA8B1682F8A6002FB0C5 /* CocosDenshion.m */,
				15A3DA8C1682F8A6002FB0C5 /* SimpleAudioEngine.mm */,
				15A3DA8D1682F8A6002FB0C5 /* SimpleAudioEngine_objc.h */,
				15A3DA8E1682F8A6002FB0C5 /* SimpleAudioEngine_objc.m */,
			);
			path = ios;
			sourceTree = "<group>";
		};
		15AA9C4015B7EC450033D6C2 /* Classes */ = {
			isa = PBXGroup;
			children = (
				D5746D1F19F7A51C00EB111E /* umeng_ios_social_sdk_4.2_custom */,
				5EC27BAB18D56F1100617DB1 /* UmengSocial */,
				1AFAF8B316D35DE700DB1158 /* AppDelegate.cpp */,
				1AFAF8B416D35DE700DB1158 /* AppDelegate.h */,
				1AFAF8B516D35DE700DB1158 /* HelloWorldScene.cpp */,
				1AFAF8B616D35DE700DB1158 /* HelloWorldScene.h */,
			);
			name = Classes;
			path = ../classes;
			sourceTree = "<group>";
		};
		19C28FACFE9D520D11CA2CBB /* Products */ = {
			isa = PBXGroup;
			children = (
				1D6058910D05DD3D006BFB54 /* UmengGame.app */,
			);
			name = Products;
			sourceTree = "<group>";
		};
		1AB87036175E0A92005D39BF /* libwebsockets */ = {
			isa = PBXGroup;
			children = (
				1AB87037175E0A92005D39BF /* ios */,
			);
			name = libwebsockets;
			path = ../../../external/libwebsockets;
			sourceTree = "<group>";
		};
		1AB87037175E0A92005D39BF /* ios */ = {
			isa = PBXGroup;
			children = (
				1AB87038175E0A92005D39BF /* include */,
				1AB8703A175E0A92005D39BF /* lib */,
			);
			path = ios;
			sourceTree = "<group>";
		};
		1AB87038175E0A92005D39BF /* include */ = {
			isa = PBXGroup;
			children = (
				1AB87039175E0A92005D39BF /* libwebsockets.h */,
			);
			path = include;
			sourceTree = "<group>";
		};
		1AB8703A175E0A92005D39BF /* lib */ = {
			isa = PBXGroup;
			children = (
				1AB8703B175E0A92005D39BF /* libwebsockets.a */,
			);
			path = lib;
			sourceTree = "<group>";
		};
		29B97314FDCFA39411CA2CEA /* CustomTemplate */ = {
			isa = PBXGroup;
			children = (
				15A3D87E1682F7B3002FB0C5 /* cocos2dx.xcodeproj */,
				15AA9C4015B7EC450033D6C2 /* Classes */,
				15A3DA6B1682F8A6002FB0C5 /* CocosDenshion */,
				29B97323FDCFA39411CA2CEA /* Frameworks */,
				080E96DDFE201D6D7F000001 /* ios */,
				1AB87036175E0A92005D39BF /* libwebsockets */,
				19C28FACFE9D520D11CA2CBB /* Products */,
				78C7DDAA14EBA5050085D0C2 /* Resources */,
			);
			name = CustomTemplate;
			sourceTree = "<group>";
		};
		29B97323FDCFA39411CA2CEA /* Frameworks */ = {
			isa = PBXGroup;
			children = (
				D568333A18FE7E370084AC3F /* Social.framework */,
				D568333818FE7E320084AC3F /* Accounts.framework */,
				D568333318FE7C5B0084AC3F /* libstdc++.dylib */,
				D568333118FE7C490084AC3F /* SystemConfiguration.framework */,
				D568332F18FE7C3F0084AC3F /* libiconv.dylib */,
				D568332D18FE7C010084AC3F /* Security.framework */,
				D568332B18FE7BF60084AC3F /* libsqlite3.dylib */,
				D568332918FE7BD90084AC3F /* CoreTelephony.framework */,
				1ACB3243164770DE00914215 /* libcurl.a */,
				BF170DB212928DE900B8313A /* libxml2.dylib */,
				BF170DB412928DE900B8313A /* libz.dylib */,
				D44C620F132DFF4E0009C878 /* AudioToolbox.framework */,
				D44C620D132DFF430009C878 /* AVFoundation.framework */,
				288765A40DF7441C002DB57D /* CoreGraphics.framework */,
				1D30AB110D05D00D00671497 /* Foundation.framework */,
				D44C620B132DFF330009C878 /* OpenAL.framework */,
				BF170DB012928DE900B8313A /* OpenGLES.framework */,
				BF1C47EA1293683800B63C5D /* QuartzCore.framework */,
				1DF5F4DF0D08C38300B7A737 /* UIKit.framework */,
			);
			name = Frameworks;
			sourceTree = "<group>";
		};
		5EC27BAB18D56F1100617DB1 /* UmengSocial */ = {
			isa = PBXGroup;
			children = (
				D5E82A7019822EE600DE63A1 /* UmengCSDK */,
				D5E82A6B19822E1800DE63A1 /* Common */,
				D5E82A6719822DF500DE63A1 /* ShareButton */,
				D5E82A6019822DDE00DE63A1 /* iOS */,
			);
			name = UmengSocial;
			path = ../Classes/UmengSocial;
			sourceTree = "<group>";
		};
		78C7DDAA14EBA5050085D0C2 /* Resources */ = {
			isa = PBXGroup;
			children = (
				D5E82A791982379700DE63A1 /* cat.gif */,
				D5E82A7719822FBE00DE63A1 /* dog.gif */,
				5EC27BBF18D5761F00617DB1 /* share.png */,
				1AFAF8B916D35E4900DB1158 /* CloseNormal.png */,
				1AFAF8BA16D35E4900DB1158 /* CloseSelected.png */,
				1AFAF8BB16D35E4900DB1158 /* HelloWorld.png */,
				D41A0AD0160F154A004552AE /* Default-568h@2x.png */,
				7855E0DF153FEF240059DD9A /* Default.png */,
				D446FD6D16102124000ADA7B /* Default@2x.png */,
				D4EF949B15BD2D8E00D803EB /* Icon-114.png */,
				D4EF949F15BD2D9800D803EB /* Icon-144.png */,
				D4EF949915BD2D8B00D803EB /* Icon-57.png */,
				D4EF949D15BD2D9600D803EB /* Icon-72.png */,
			);
			name = Resources;
			path = ../Resources;
			sourceTree = "<group>";
		};
		D508D6A819F8B673001D68D3 /* YiXin */ = {
			isa = PBXGroup;
			children = (
				D508D6A919F8B673001D68D3 /* libSocialYiXin.a */,
				D508D6AA19F8B673001D68D3 /* libYixinSDK_V2.2.a */,
				D508D6AC19F8B673001D68D3 /* UMSocialYiXinHandler.h */,
				D508D6AD19F8B673001D68D3 /* YXApi.h */,
				D508D6AE19F8B673001D68D3 /* YXApiObject.h */,
			);
			path = YiXin;
			sourceTree = "<group>";
		};
		D5746D1F19F7A51C00EB111E /* umeng_ios_social_sdk_4.2_custom */ = {
			isa = PBXGroup;
			children = (
				D5746D2019F7A51C00EB111E /* UMSocial_Sdk_4.2 */,
				D5746D3C19F7A51C00EB111E /* UMSocial_Sdk_Extra_Frameworks */,
			);
			name = umeng_ios_social_sdk_4.2_custom;
			path = ../Classes/umeng_ios_social_sdk_4.2_custom;
			sourceTree = "<group>";
		};
		D5746D2019F7A51C00EB111E /* UMSocial_Sdk_4.2 */ = {
			isa = PBXGroup;
			children = (
				D5746D2119F7A51C00EB111E /* UMSocialLocalizable.strings */,
				D5746D2319F7A51C00EB111E /* Header */,
				D5746D2F19F7A51C00EB111E /* libUMSocial_Sdk_4.2.a */,
				D5746D3019F7A51C00EB111E /* libUMSocial_Sdk_Comment_4.2.a */,
				D5746D3119F7A51C00EB111E /* SocialSDKXib */,
				D5746D3A19F7A51C00EB111E /* UMSocialSDKResourcesNew.bundle */,
			);
			path = UMSocial_Sdk_4.2;
			sourceTree = "<group>";
		};
		D5746D2319F7A51C00EB111E /* Header */ = {
			isa = PBXGroup;
			children = (
				D5746D2419F7A51C00EB111E /* UMSocial.h */,
				D5746D2519F7A51C00EB111E /* UMSocialAccountManager.h */,
				D5746D2619F7A51C00EB111E /* UMSocialBar.h */,
				D5746D2719F7A51C00EB111E /* UMSocialConfig.h */,
				D5746D2819F7A51C00EB111E /* UMSocialControllerService.h */,
				D5746D2919F7A51C00EB111E /* UMSocialControllerServiceComment.h */,
				D5746D2A19F7A51C00EB111E /* UMSocialData.h */,
				D5746D2B19F7A51C00EB111E /* UMSocialDataService.h */,
				D5746D2C19F7A51C00EB111E /* UMSocialSnsData.h */,
				D5746D2D19F7A51C00EB111E /* UMSocialSnsPlatformManager.h */,
				D5746D2E19F7A51C00EB111E /* UMSocialSnsService.h */,
			);
			path = Header;
			sourceTree = "<group>";
		};
		D5746D3119F7A51C00EB111E /* SocialSDKXib */ = {
			isa = PBXGroup;
			children = (
				D5746D3219F7A51C00EB111E /* UMSCommentDetailController.xib */,
				D5746D3319F7A51C00EB111E /* UMSCommentInputController.xib */,
				D5746D3419F7A51C00EB111E /* UMSCommentInputControlleriPad.xib */,
				D5746D3519F7A51C00EB111E /* UMShareEditViewController.xib */,
				D5746D3619F7A51C00EB111E /* UMShareEditViewControlleriPad.xib */,
				D5746D3719F7A51C00EB111E /* UMSLoginViewController.xib */,
				D5746D3819F7A51C00EB111E /* UMSnsAccountViewController.xib */,
				D5746D3919F7A51C00EB111E /* UMSShareListController.xib */,
			);
			path = SocialSDKXib;
			sourceTree = "<group>";
		};
		D5746D3C19F7A51C00EB111E /* UMSocial_Sdk_Extra_Frameworks */ = {
			isa = PBXGroup;
			children = (
				D508D6A819F8B673001D68D3 /* YiXin */,
				D5746D6D19F7A55C00EB111E /* Instagram */,
				D5746D3D19F7A51C00EB111E /* Facebook */,
				D5746D4019F7A51C00EB111E /* LaiWang */,
				D5746D4319F7A51C00EB111E /* Sina */,
				D5746D4619F7A51C00EB111E /* TencentOpenAPI */,
				D5746D4B19F7A51C00EB111E /* Twitter */,
				D5746D4E19F7A51C00EB111E /* Wechat */,
			);
			path = UMSocial_Sdk_Extra_Frameworks;
			sourceTree = "<group>";
		};
		D5746D3D19F7A51C00EB111E /* Facebook */ = {
			isa = PBXGroup;
			children = (
				D5746D3E19F7A51C00EB111E /* libSocialFacebook.a */,
				D5746D3F19F7A51C00EB111E /* UMSocialFacebookHandler.h */,
			);
			path = Facebook;
			sourceTree = "<group>";
		};
		D5746D4019F7A51C00EB111E /* LaiWang */ = {
			isa = PBXGroup;
			children = (
				D5746D4119F7A51C00EB111E /* UMSocialLaiWang.a */,
				D5746D4219F7A51C00EB111E /* UMSocialLaiwangHandler.h */,
			);
			path = LaiWang;
			sourceTree = "<group>";
		};
		D5746D4319F7A51C00EB111E /* Sina */ = {
			isa = PBXGroup;
			children = (
				D5746D4419F7A51C00EB111E /* libSocialSina.a */,
				D5746D4519F7A51C00EB111E /* UMSocialSinaHandler.h */,
			);
			path = Sina;
			sourceTree = "<group>";
		};
		D5746D4619F7A51C00EB111E /* TencentOpenAPI */ = {
			isa = PBXGroup;
			children = (
				D5746D4719F7A51C00EB111E /* libSocialQQ.a */,
				D5746D4819F7A51C00EB111E /* TencentOpenAPI.framework */,
				D5746D4919F7A51C00EB111E /* TencentOpenApi_IOS_Bundle.bundle */,
				D5746D4A19F7A51C00EB111E /* UMSocialQQHandler.h */,
			);
			path = TencentOpenAPI;
			sourceTree = "<group>";
		};
		D5746D4B19F7A51C00EB111E /* Twitter */ = {
			isa = PBXGroup;
			children = (
				D5746D4C19F7A51C00EB111E /* libSocialTwitter.a */,
				D5746D4D19F7A51C00EB111E /* UMSocialTwitterHandler.h */,
			);
			path = Twitter;
			sourceTree = "<group>";
		};
		D5746D4E19F7A51C00EB111E /* Wechat */ = {
			isa = PBXGroup;
			children = (
				D5746D4F19F7A51C00EB111E /* libSocialWechat.a */,
				D5746D5019F7A51C00EB111E /* libWeChatSDK.a */,
				D5746D5119F7A51C00EB111E /* UMSocialWechatHandler.h */,
				D5746D5219F7A51C00EB111E /* WXApi.h */,
				D5746D5319F7A51C00EB111E /* WXApiObject.h */,
			);
			path = Wechat;
			sourceTree = "<group>";
		};
		D5746D6D19F7A55C00EB111E /* Instagram */ = {
			isa = PBXGroup;
			children = (
				D5746D6E19F7A55C00EB111E /* libSocialInstagram.a */,
				D5746D6F19F7A55C00EB111E /* UMSocialInstagramHandler.h */,
			);
			path = Instagram;
			sourceTree = "<group>";
		};
		D5E82A6019822DDE00DE63A1 /* iOS */ = {
			isa = PBXGroup;
			children = (
				D5E82A6119822DDE00DE63A1 /* UmSocialControllerIOS.h */,
				D5E82A6219822DDE00DE63A1 /* UmSocialControllerIOS.mm */,
				D5E82A6319822DDE00DE63A1 /* UMSocialUIObject.h */,
				D5E82A6419822DDE00DE63A1 /* UMSocialUIObject.mm */,
			);
			name = iOS;
			path = ../Cocos2dx/iOS;
			sourceTree = "<group>";
		};
		D5E82A6719822DF500DE63A1 /* ShareButton */ = {
			isa = PBXGroup;
			children = (
				D5E82A6819822DF500DE63A1 /* UMShareButton.cpp */,
				D5E82A6919822DF500DE63A1 /* UMShareButton.h */,
			);
			name = ShareButton;
			path = ../Cocos2dx/ShareButton;
			sourceTree = "<group>";
		};
		D5E82A6B19822E1800DE63A1 /* Common */ = {
			isa = PBXGroup;
			children = (
				D5E82A6C19822E1800DE63A1 /* CCUMSocialSDK.cpp */,
				D5E82A6D19822E1800DE63A1 /* CCUMSocialSDK.h */,
				D5E82A6E19822E1800DE63A1 /* CCUMTypeDef.h */,
			);
			name = Common;
			path = ../Cocos2dx/Common;
			sourceTree = "<group>";
		};
		D5E82A7019822EE600DE63A1 /* UmengCSDK */ = {
			isa = PBXGroup;
			children = (
				D5E82A7119822EE600DE63A1 /* UMSocialCObject.h */,
				D5E82A7219822EE600DE63A1 /* UMSocialCObject.m */,
				D5E82A7319822EE600DE63A1 /* UMSocialCSDK.h */,
				D5E82A7419822EE600DE63A1 /* UMSocialCSDK.mm */,
			);
			name = UmengCSDK;
			path = ../UmengCSDK;
			sourceTree = "<group>";
		};
/* End PBXGroup section */

/* Begin PBXNativeTarget section */
		1D6058900D05DD3D006BFB54 /* UmengGame */ = {
			isa = PBXNativeTarget;
			buildConfigurationList = 1D6058960D05DD3E006BFB54 /* Build configuration list for PBXNativeTarget "UmengGame" */;
			buildPhases = (
				1D60588D0D05DD3D006BFB54 /* Resources */,
				1D60588E0D05DD3D006BFB54 /* Sources */,
				1D60588F0D05DD3D006BFB54 /* Frameworks */,
			);
			buildRules = (
			);
			dependencies = (
				15A3DA691682F881002FB0C5 /* PBXTargetDependency */,
			);
			name = UmengGame;
			productName = iphone;
			productReference = 1D6058910D05DD3D006BFB54 /* UmengGame.app */;
			productType = "com.apple.product-type.application";
		};
/* End PBXNativeTarget section */

/* Begin PBXProject section */
		29B97313FDCFA39411CA2CEA /* Project object */ = {
			isa = PBXProject;
			attributes = {
				LastUpgradeCheck = 0430;
				TargetAttributes = {
					1D6058900D05DD3D006BFB54 = {
						DevelopmentTeam = 486K7NX823;
					};
				};
			};
			buildConfigurationList = C01FCF4E08A954540054247B /* Build configuration list for PBXProject "UmengGame" */;
			compatibilityVersion = "Xcode 3.2";
			developmentRegion = English;
			hasScannedForEncodings = 1;
			knownRegions = (
				English,
				Japanese,
				French,
				German,
				en,
				"zh-Hans",
			);
			mainGroup = 29B97314FDCFA39411CA2CEA /* CustomTemplate */;
			projectDirPath = "";
			projectReferences = (
				{
					ProductGroup = 15A3D87F1682F7B3002FB0C5 /* Products */;
					ProjectRef = 15A3D87E1682F7B3002FB0C5 /* cocos2dx.xcodeproj */;
				},
			);
			projectRoot = "";
			targets = (
				1D6058900D05DD3D006BFB54 /* UmengGame */,
			);
		};
/* End PBXProject section */

/* Begin PBXReferenceProxy section */
		15A3D8861682F7B3002FB0C5 /* libcocos2dx.a */ = {
			isa = PBXReferenceProxy;
			fileType = archive.ar;
			path = libcocos2dx.a;
			remoteRef = 15A3D8851682F7B3002FB0C5 /* PBXContainerItemProxy */;
			sourceTree = BUILT_PRODUCTS_DIR;
		};
/* End PBXReferenceProxy section */

/* Begin PBXResourcesBuildPhase section */
		1D60588D0D05DD3D006BFB54 /* Resources */ = {
			isa = PBXResourcesBuildPhase;
			buildActionMask = 2147483647;
			files = (
				D5746D6819F7A51D00EB111E /* TencentOpenApi_IOS_Bundle.bundle in Resources */,
				7855E0E1153FEF240059DD9A /* Default.png in Resources */,
				D4EF949A15BD2D8B00D803EB /* Icon-57.png in Resources */,
				D5E82A7A1982379700DE63A1 /* cat.gif in Resources */,
				D4EF949C15BD2D8E00D803EB /* Icon-114.png in Resources */,
				D5746D5F19F7A51C00EB111E /* UMSLoginViewController.xib in Resources */,
				D5E82A7819822FBE00DE63A1 /* dog.gif in Resources */,
				D4EF949E15BD2D9600D803EB /* Icon-72.png in Resources */,
				D5746D5A19F7A51C00EB111E /* UMSCommentDetailController.xib in Resources */,
				D5746D5719F7A51C00EB111E /* UMSocialLocalizable.strings in Resources */,
				D4EF94A015BD2D9800D803EB /* Icon-144.png in Resources */,
				D41A0AD1160F154A004552AE /* Default-568h@2x.png in Resources */,
				D5746D5C19F7A51C00EB111E /* UMSCommentInputControlleriPad.xib in Resources */,
				D5746D5B19F7A51C00EB111E /* UMSCommentInputController.xib in Resources */,
				D5746D6019F7A51C00EB111E /* UMSnsAccountViewController.xib in Resources */,
				D446FD6E16102124000ADA7B /* Default@2x.png in Resources */,
				D5746D6219F7A51C00EB111E /* UMSocialSDKResourcesNew.bundle in Resources */,
				5EC27BC118D5761F00617DB1 /* share.png in Resources */,
				D5746D5E19F7A51C00EB111E /* UMShareEditViewControlleriPad.xib in Resources */,
				D5746D5D19F7A51C00EB111E /* UMShareEditViewController.xib in Resources */,
				1AFAF8BC16D35E4900DB1158 /* CloseNormal.png in Resources */,
				D5746D6119F7A51C00EB111E /* UMSShareListController.xib in Resources */,
				1AFAF8BD16D35E4900DB1158 /* CloseSelected.png in Resources */,
				1AFAF8BE16D35E4900DB1158 /* HelloWorld.png in Resources */,
			);
			runOnlyForDeploymentPostprocessing = 0;
		};
/* End PBXResourcesBuildPhase section */

/* Begin PBXSourcesBuildPhase section */
		1D60588E0D05DD3D006BFB54 /* Sources */ = {
			isa = PBXSourcesBuildPhase;
			buildActionMask = 2147483647;
			files = (
				15A3DAEB1682F8A6002FB0C5 /* CDAudioManager.m in Sources */,
				15A3DAEC1682F8A6002FB0C5 /* CDOpenALSupport.m in Sources */,
				15A3DAED1682F8A6002FB0C5 /* CocosDenshion.m in Sources */,
				15A3DAEE1682F8A6002FB0C5 /* SimpleAudioEngine.mm in Sources */,
				D5E82A6519822DDE00DE63A1 /* UmSocialControllerIOS.mm in Sources */,
				D5E82A6F19822E1800DE63A1 /* CCUMSocialSDK.cpp in Sources */,
				D5E82A6A19822DF500DE63A1 /* UMShareButton.cpp in Sources */,
				15A3DAEF1682F8A6002FB0C5 /* SimpleAudioEngine_objc.m in Sources */,
				D5E82A7519822EE600DE63A1 /* UMSocialCObject.m in Sources */,
				D5E82A7619822EE600DE63A1 /* UMSocialCSDK.mm in Sources */,
				1AFAF8B716D35DE700DB1158 /* AppDelegate.cpp in Sources */,
				1AFAF8B816D35DE700DB1158 /* HelloWorldScene.cpp in Sources */,
				1AC3624916D4A1E8000847F2 /* AppController.mm in Sources */,
				D5E82A6619822DDE00DE63A1 /* UMSocialUIObject.mm in Sources */,
				1AC3624B16D4A1E8000847F2 /* main.m in Sources */,
				1AFCDA8216D4A25900906EA6 /* RootViewController.mm in Sources */,
			);
			runOnlyForDeploymentPostprocessing = 0;
		};
/* End PBXSourcesBuildPhase section */

/* Begin PBXTargetDependency section */
		15A3DA691682F881002FB0C5 /* PBXTargetDependency */ = {
			isa = PBXTargetDependency;
			name = cocos2dx;
			targetProxy = 15A3DA681682F881002FB0C5 /* PBXContainerItemProxy */;
		};
/* End PBXTargetDependency section */

/* Begin PBXVariantGroup section */
		D5746D2119F7A51C00EB111E /* UMSocialLocalizable.strings */ = {
			isa = PBXVariantGroup;
			children = (
				D5746D2219F7A51C00EB111E /* en */,
				D5746D3B19F7A51C00EB111E /* zh-Hans */,
			);
			name = UMSocialLocalizable.strings;
			sourceTree = "<group>";
		};
/* End PBXVariantGroup section */

/* Begin XCBuildConfiguration section */
		1D6058940D05DD3E006BFB54 /* Debug */ = {
			isa = XCBuildConfiguration;
			buildSettings = {
				ALWAYS_SEARCH_USER_PATHS = NO;
				CODE_SIGN_IDENTITY = "iPhone Developer";
				"CODE_SIGN_IDENTITY[sdk=iphoneos*]" = "iPhone Developer";
				COPY_PHASE_STRIP = NO;
				FRAMEWORK_SEARCH_PATHS = (
					"$(inherited)",
					"\"$(SRCROOT)/../Classes/umeng_ios_social_sdk_3.3.8_custom/UMSocial_Sdk_Extra_Frameworks/TencentOpenAPI\"",
					"/Users/yeahugo/Documents/project/publicProject/cocos2d-x/project/UmengSocialCocos2dxSDK/Classes/umeng_ios_social_sdk_3.3.8_custom/UMSocial_Sdk_Extra_Frameworks/TencentOpenAPI",
					"/Users/yeahugo/Documents/project/publicProject/cocos2d-x/project/UmengSocialCocos2dxSDK/Classes/umeng_ios_social_sdk_4.2_custom/UMSocial_Sdk_Extra_Frameworks/TencentOpenAPI",
				);
				GCC_DYNAMIC_NO_PIC = NO;
				GCC_INLINES_ARE_PRIVATE_EXTERN = NO;
				GCC_OPTIMIZATION_LEVEL = 0;
				GCC_PRECOMPILE_PREFIX_HEADER = YES;
				GCC_PREFIX_HEADER = Prefix.pch;
				GCC_PREPROCESSOR_DEFINITIONS = (
					USE_FILE32API,
					CC_TARGET_OS_IPHONE,
					"COCOS2D_DEBUG=1",
					CC_ENABLE_CHIPMUNK_INTEGRATION,
				);
				GCC_SYMBOLS_PRIVATE_EXTERN = NO;
				GCC_VERSION = "";
				HEADER_SEARCH_PATHS = (
					"$(SRCROOT)/../../../CocosDenshion/include",
					"\"$(SRCROOT)/../../../external/chipmunk/include/constraints\"",
					"\"$(SRCROOT)/../../../external/chipmunk/include/chipmunk\"",
					"\"$(SRCROOT)/../../../extensions\"",
					"\"$(SRCROOT)/../../../cocos2dx/kazmath/include\"",
					"\"$(SRCROOT)/../../../external\"",
					"\"$(SRCROOT)/../../../cocos2dx\"",
					"\"$(SRCROOT)/../../../cocos2dx/include\"",
					"\"$(SRCROOT)/../../../cocos2dx/platform/third_party/ios\"",
					"\"$(SRCROOT)/../../../cocos2dx/platform/ios\"",
					"\"$(SRCROOT)/../../../cocos2dx/platform/ios/Simulation\"",
					"\"$(SRCROOT)/../Classes",
				);
				INFOPLIST_FILE = Info.plist;
				IPHONEOS_DEPLOYMENT_TARGET = 4.3;
				LIBRARY_SEARCH_PATHS = (
					"\"$(SRCROOT)/../../../cocos2dx/platform/third_party/ios/libraries\"",
					"\"$(SRCROOT)/../../../external/libwebsockets/ios/lib\"",
					"\"$(SRCROOT)/../Classes/umeng_ios_social_sdk_3.3.8_custom/UMSocial_Sdk_3.3.8\"",
					"\"$(SRCROOT)/../Classes/umeng_ios_social_sdk_3.3.8_custom/UMSocial_Sdk_Extra_Frameworks/Wechat\"",
					"\"$(SRCROOT)/../Classes/umeng_ios_social_sdk_3.3.8_custom/UMSocial_Sdk_Extra_Frameworks/TencentOpenAPI\"",
					"\"$(SRCROOT)/../Classes/umeng_ios_social_sdk_3.3.8_custom/UMSocial_Sdk_Extra_Frameworks/Yixin\"",
					"\"$(SRCROOT)/../Classes/umeng_ios_social_sdk_3.3.8_custom/UMSocial_Sdk_Extra_Frameworks/LaiWang\"",
					"\"$(SRCROOT)/../Classes/umeng_ios_social_sdk_3.3.8_custom/UMSocial_Sdk_Extra_Frameworks/Facebook\"",
					"\"$(SRCROOT)/../Classes/umeng_ios_social_sdk_3.3.8_custom/UMSocial_Sdk_Extra_Frameworks/Twitter\"",
					"\"$(SRCROOT)/../Classes/umeng_ios_social_sdk_3.3.8_custom/UMSocial_Sdk_Extra_Frameworks/Instagram\"",
					"/Users/yeahugo/Documents/project/publicProject/cocos2d-x/project/UmengSocialCocos2dxSDK/Classes/umeng_ios_social_sdk_3.3.8_custom/UMSocial_Sdk_3.3.8",
					"/Users/yeahugo/Documents/project/publicProject/cocos2d-x/project/UmengSocialCocos2dxSDK/Classes/umeng_ios_social_sdk_3.3.8_custom/UMSocial_Sdk_Extra_Frameworks/Facebook",
					"/Users/yeahugo/Documents/project/publicProject/cocos2d-x/project/UmengSocialCocos2dxSDK/Classes/umeng_ios_social_sdk_3.3.8_custom/UMSocial_Sdk_Extra_Frameworks/Instagram",
					"/Users/yeahugo/Documents/project/publicProject/cocos2d-x/project/UmengSocialCocos2dxSDK/Classes/umeng_ios_social_sdk_3.3.8_custom/UMSocial_Sdk_Extra_Frameworks/LaiWang",
					"/Users/yeahugo/Documents/project/publicProject/cocos2d-x/project/UmengSocialCocos2dxSDK/Classes/umeng_ios_social_sdk_3.3.8_custom/UMSocial_Sdk_Extra_Frameworks/TencentOpenAPI",
					"/Users/yeahugo/Documents/project/publicProject/cocos2d-x/project/UmengSocialCocos2dxSDK/Classes/umeng_ios_social_sdk_3.3.8_custom/UMSocial_Sdk_Extra_Frameworks/Twitter",
					"/Users/yeahugo/Documents/project/publicProject/cocos2d-x/project/UmengSocialCocos2dxSDK/Classes/umeng_ios_social_sdk_3.3.8_custom/UMSocial_Sdk_Extra_Frameworks/UMSocial_ScreenShot_Sdk",
					"/Users/yeahugo/Documents/project/publicProject/cocos2d-x/project/UmengSocialCocos2dxSDK/Classes/umeng_ios_social_sdk_3.3.8_custom/UMSocial_Sdk_Extra_Frameworks/UMSocial_Shake_Sdk",
					"/Users/yeahugo/Documents/project/publicProject/cocos2d-x/project/UmengSocialCocos2dxSDK/Classes/umeng_ios_social_sdk_3.3.8_custom/UMSocial_Sdk_Extra_Frameworks/Wechat",
					"/Users/yeahugo/Documents/project/publicProject/cocos2d-x/project/UmengSocialCocos2dxSDK/Classes/umeng_ios_social_sdk_3.3.8_custom/UMSocial_Sdk_Extra_Frameworks/YiXin",
					"/Users/yeahugo/Documents/project/publicProject/cocos2d-x/project/UmengSocialCocos2dxSDK/Classes/umeng_ios_social_sdk_4.2_custom/UMSocial_Sdk_4.2",
					"/Users/yeahugo/Documents/project/publicProject/cocos2d-x/project/UmengSocialCocos2dxSDK/Classes/umeng_ios_social_sdk_4.2_custom/UMSocial_Sdk_Extra_Frameworks/Facebook",
					"/Users/yeahugo/Documents/project/publicProject/cocos2d-x/project/UmengSocialCocos2dxSDK/Classes/umeng_ios_social_sdk_4.2_custom/UMSocial_Sdk_Extra_Frameworks/LaiWang",
					"/Users/yeahugo/Documents/project/publicProject/cocos2d-x/project/UmengSocialCocos2dxSDK/Classes/umeng_ios_social_sdk_4.2_custom/UMSocial_Sdk_Extra_Frameworks/Sina",
					"/Users/yeahugo/Documents/project/publicProject/cocos2d-x/project/UmengSocialCocos2dxSDK/Classes/umeng_ios_social_sdk_4.2_custom/UMSocial_Sdk_Extra_Frameworks/TencentOpenAPI",
					"/Users/yeahugo/Documents/project/publicProject/cocos2d-x/project/UmengSocialCocos2dxSDK/Classes/umeng_ios_social_sdk_4.2_custom/UMSocial_Sdk_Extra_Frameworks/Twitter",
					"/Users/yeahugo/Documents/project/publicProject/cocos2d-x/project/UmengSocialCocos2dxSDK/Classes/umeng_ios_social_sdk_4.2_custom/UMSocial_Sdk_Extra_Frameworks/Wechat",
					"/Users/yeahugo/Documents/project/publicProject/cocos2d-x/project/UmengSocialCocos2dxSDK/Classes/umeng_ios_social_sdk_4.2_custom/UMSocial_Sdk_Extra_Frameworks/YiXin",
					"/Users/yeahugo/Documents/project/publicProject/cocos2d-x/project/UmengSocialCocos2dxSDK/Classes/umeng_ios_social_sdk_4.2_custom/UMSocial_Sdk_Extra_Frameworks/Instagram",
				);
				OTHER_CFLAGS = "-O2";
				PRODUCT_NAME = UmengGame;
				PROVISIONING_PROFILE = "";
				"PROVISIONING_PROFILE[sdk=iphoneos*]" = "";
				SDKROOT = iphoneos;
				TARGETED_DEVICE_FAMILY = "1,2";
				USER_HEADER_SEARCH_PATHS = "";
				VALID_ARCHS = "armv6 armv7 i386";
			};
			name = Debug;
		};
		1D6058950D05DD3E006BFB54 /* Release */ = {
			isa = XCBuildConfiguration;
			buildSettings = {
				ALWAYS_SEARCH_USER_PATHS = NO;
				CODE_SIGN_IDENTITY = "iPhone Developer";
				"CODE_SIGN_IDENTITY[sdk=iphoneos*]" = "iPhone Developer";
				COPY_PHASE_STRIP = YES;
				FRAMEWORK_SEARCH_PATHS = (
					"$(inherited)",
					"\"$(SRCROOT)/../Classes/umeng_ios_social_sdk_3.3.8_custom/UMSocial_Sdk_Extra_Frameworks/TencentOpenAPI\"",
					"/Users/yeahugo/Documents/project/publicProject/cocos2d-x/project/UmengSocialCocos2dxSDK/Classes/umeng_ios_social_sdk_3.3.8_custom/UMSocial_Sdk_Extra_Frameworks/TencentOpenAPI",
					"/Users/yeahugo/Documents/project/publicProject/cocos2d-x/project/UmengSocialCocos2dxSDK/Classes/umeng_ios_social_sdk_4.2_custom/UMSocial_Sdk_Extra_Frameworks/TencentOpenAPI",
				);
				GCC_INLINES_ARE_PRIVATE_EXTERN = NO;
				GCC_OPTIMIZATION_LEVEL = 0;
				GCC_PRECOMPILE_PREFIX_HEADER = YES;
				GCC_PREFIX_HEADER = Prefix.pch;
				GCC_PREPROCESSOR_DEFINITIONS = (
					USE_FILE32API,
					CC_TARGET_OS_IPHONE,
					CC_ENABLE_CHIPMUNK_INTEGRATION,
				);
				GCC_SYMBOLS_PRIVATE_EXTERN = NO;
				GCC_VERSION = "";
				HEADER_SEARCH_PATHS = (
					"$(SRCROOT)/../../../CocosDenshion/include",
					"\"$(SRCROOT)/../../../external/chipmunk/include/constraints\"",
					"\"$(SRCROOT)/../../../external/chipmunk/include/chipmunk\"",
					"\"$(SRCROOT)/../../../extensions\"",
					"\"$(SRCROOT)/../../../cocos2dx/kazmath/include\"",
					"\"$(SRCROOT)/../../../external\"",
					"\"$(SRCROOT)/../../../cocos2dx\"",
					"\"$(SRCROOT)/../../../cocos2dx/include\"",
					"\"$(SRCROOT)/../../../cocos2dx/platform/third_party/ios\"",
					"\"$(SRCROOT)/../../../cocos2dx/platform/ios\"",
					"\"$(SRCROOT)/../../../cocos2dx/platform/ios/Simulation\"",
					"\"$(SRCROOT)/../Classes",
				);
				INFOPLIST_FILE = Info.plist;
				IPHONEOS_DEPLOYMENT_TARGET = 4.3;
				LIBRARY_SEARCH_PATHS = (
					"\"$(SRCROOT)/../../../cocos2dx/platform/third_party/ios/libraries\"",
					"\"$(SRCROOT)/../../../external/libwebsockets/ios/lib\"",
					"\"$(SRCROOT)/../Classes/umeng_ios_social_sdk_3.3.8_custom/UMSocial_Sdk_3.3.8\"",
					"\"$(SRCROOT)/../Classes/umeng_ios_social_sdk_3.3.8_custom/UMSocial_Sdk_Extra_Frameworks/Wechat\"",
					"\"$(SRCROOT)/../Classes/umeng_ios_social_sdk_3.3.8_custom/UMSocial_Sdk_Extra_Frameworks/TencentOpenAPI\"",
					"\"$(SRCROOT)/../Classes/umeng_ios_social_sdk_3.3.8_custom/UMSocial_Sdk_Extra_Frameworks/Yixin\"",
					"\"$(SRCROOT)/../Classes/umeng_ios_social_sdk_3.3.8_custom/UMSocial_Sdk_Extra_Frameworks/LaiWang\"",
					"\"$(SRCROOT)/../Classes/umeng_ios_social_sdk_3.3.8_custom/UMSocial_Sdk_Extra_Frameworks/Facebook\"",
					"\"$(SRCROOT)/../Classes/umeng_ios_social_sdk_3.3.8_custom/UMSocial_Sdk_Extra_Frameworks/Twitter\"",
					"\"$(SRCROOT)/../Classes/umeng_ios_social_sdk_3.3.8_custom/UMSocial_Sdk_Extra_Frameworks/Instagram\"",
					"/Users/yeahugo/Documents/project/publicProject/cocos2d-x/project/UmengSocialCocos2dxSDK/Classes/umeng_ios_social_sdk_3.3.8_custom/UMSocial_Sdk_3.3.8",
					"/Users/yeahugo/Documents/project/publicProject/cocos2d-x/project/UmengSocialCocos2dxSDK/Classes/umeng_ios_social_sdk_3.3.8_custom/UMSocial_Sdk_Extra_Frameworks/Facebook",
					"/Users/yeahugo/Documents/project/publicProject/cocos2d-x/project/UmengSocialCocos2dxSDK/Classes/umeng_ios_social_sdk_3.3.8_custom/UMSocial_Sdk_Extra_Frameworks/Instagram",
					"/Users/yeahugo/Documents/project/publicProject/cocos2d-x/project/UmengSocialCocos2dxSDK/Classes/umeng_ios_social_sdk_3.3.8_custom/UMSocial_Sdk_Extra_Frameworks/LaiWang",
					"/Users/yeahugo/Documents/project/publicProject/cocos2d-x/project/UmengSocialCocos2dxSDK/Classes/umeng_ios_social_sdk_3.3.8_custom/UMSocial_Sdk_Extra_Frameworks/TencentOpenAPI",
					"/Users/yeahugo/Documents/project/publicProject/cocos2d-x/project/UmengSocialCocos2dxSDK/Classes/umeng_ios_social_sdk_3.3.8_custom/UMSocial_Sdk_Extra_Frameworks/Twitter",
					"/Users/yeahugo/Documents/project/publicProject/cocos2d-x/project/UmengSocialCocos2dxSDK/Classes/umeng_ios_social_sdk_3.3.8_custom/UMSocial_Sdk_Extra_Frameworks/UMSocial_ScreenShot_Sdk",
					"/Users/yeahugo/Documents/project/publicProject/cocos2d-x/project/UmengSocialCocos2dxSDK/Classes/umeng_ios_social_sdk_3.3.8_custom/UMSocial_Sdk_Extra_Frameworks/UMSocial_Shake_Sdk",
					"/Users/yeahugo/Documents/project/publicProject/cocos2d-x/project/UmengSocialCocos2dxSDK/Classes/umeng_ios_social_sdk_3.3.8_custom/UMSocial_Sdk_Extra_Frameworks/Wechat",
					"/Users/yeahugo/Documents/project/publicProject/cocos2d-x/project/UmengSocialCocos2dxSDK/Classes/umeng_ios_social_sdk_3.3.8_custom/UMSocial_Sdk_Extra_Frameworks/YiXin",
					"/Users/yeahugo/Documents/project/publicProject/cocos2d-x/project/UmengSocialCocos2dxSDK/Classes/umeng_ios_social_sdk_4.2_custom/UMSocial_Sdk_4.2",
					"/Users/yeahugo/Documents/project/publicProject/cocos2d-x/project/UmengSocialCocos2dxSDK/Classes/umeng_ios_social_sdk_4.2_custom/UMSocial_Sdk_Extra_Frameworks/Facebook",
					"/Users/yeahugo/Documents/project/publicProject/cocos2d-x/project/UmengSocialCocos2dxSDK/Classes/umeng_ios_social_sdk_4.2_custom/UMSocial_Sdk_Extra_Frameworks/LaiWang",
					"/Users/yeahugo/Documents/project/publicProject/cocos2d-x/project/UmengSocialCocos2dxSDK/Classes/umeng_ios_social_sdk_4.2_custom/UMSocial_Sdk_Extra_Frameworks/Sina",
					"/Users/yeahugo/Documents/project/publicProject/cocos2d-x/project/UmengSocialCocos2dxSDK/Classes/umeng_ios_social_sdk_4.2_custom/UMSocial_Sdk_Extra_Frameworks/TencentOpenAPI",
					"/Users/yeahugo/Documents/project/publicProject/cocos2d-x/project/UmengSocialCocos2dxSDK/Classes/umeng_ios_social_sdk_4.2_custom/UMSocial_Sdk_Extra_Frameworks/Twitter",
					"/Users/yeahugo/Documents/project/publicProject/cocos2d-x/project/UmengSocialCocos2dxSDK/Classes/umeng_ios_social_sdk_4.2_custom/UMSocial_Sdk_Extra_Frameworks/Wechat",
					"/Users/yeahugo/Documents/project/publicProject/cocos2d-x/project/UmengSocialCocos2dxSDK/Classes/umeng_ios_social_sdk_4.2_custom/UMSocial_Sdk_Extra_Frameworks/YiXin",
					"/Users/yeahugo/Documents/project/publicProject/cocos2d-x/project/UmengSocialCocos2dxSDK/Classes/umeng_ios_social_sdk_4.2_custom/UMSocial_Sdk_Extra_Frameworks/Instagram",
				);
				PRODUCT_NAME = UmengGame;
				PROVISIONING_PROFILE = "";
				"PROVISIONING_PROFILE[sdk=iphoneos*]" = "";
				SDKROOT = iphoneos;
				TARGETED_DEVICE_FAMILY = "1,2";
				USER_HEADER_SEARCH_PATHS = "";
				VALIDATE_PRODUCT = YES;
			};
			name = Release;
		};
		C01FCF4F08A954540054247B /* Debug */ = {
			isa = XCBuildConfiguration;
			buildSettings = {
				ARCHS = "$(ARCHS_STANDARD_32_BIT)";
				CODE_SIGN_IDENTITY = "iPhone Developer";
				GCC_C_LANGUAGE_STANDARD = c99;
				GCC_VERSION = "";
				GCC_WARN_ABOUT_RETURN_TYPE = YES;
				GCC_WARN_UNUSED_VARIABLE = YES;
				PROVISIONING_PROFILE = "";
				SDKROOT = iphoneos;
				VALID_ARCHS = "armv6 armv7 i386";
			};
			name = Debug;
		};
		C01FCF5008A954540054247B /* Release */ = {
			isa = XCBuildConfiguration;
			buildSettings = {
				ARCHS = "$(ARCHS_STANDARD_32_BIT)";
				CODE_SIGN_IDENTITY = "iPhone Developer";
				GCC_C_LANGUAGE_STANDARD = c99;
				GCC_VERSION = "";
				GCC_WARN_ABOUT_RETURN_TYPE = YES;
				GCC_WARN_UNUSED_VARIABLE = YES;
				OTHER_CFLAGS = "-DNS_BLOCK_ASSERTIONS=1";
				PROVISIONING_PROFILE = "";
				SDKROOT = iphoneos;
				VALID_ARCHS = "armv6 armv7 i386";
			};
			name = Release;
		};
/* End XCBuildConfiguration section */

/* Begin XCConfigurationList section */
		1D6058960D05DD3E006BFB54 /* Build configuration list for PBXNativeTarget "UmengGame" */ = {
			isa = XCConfigurationList;
			buildConfigurations = (
				1D6058940D05DD3E006BFB54 /* Debug */,
				1D6058950D05DD3E006BFB54 /* Release */,
			);
			defaultConfigurationIsVisible = 0;
			defaultConfigurationName = Debug;
		};
		C01FCF4E08A954540054247B /* Build configuration list for PBXProject "UmengGame" */ = {
			isa = XCConfigurationList;
			buildConfigurations = (
				C01FCF4F08A954540054247B /* Debug */,
				C01FCF5008A954540054247B /* Release */,
			);
			defaultConfigurationIsVisible = 0;
			defaultConfigurationName = Debug;
		};
/* End XCConfigurationList section */
	};
	rootObject = 29B97313FDCFA39411CA2CEA /* Project object */;
}
